
Microsoft Visual Studio Solution File, Format Version 12.00
# Visual Studio Version 17
VisualStudioVersion = 17.0.31903.59
MinimumVisualStudioVersion = 10.0.40219.1
Project("{2150E333-8FDC-42A3-9474-1A3956D46DE8}") = "src", "src", "{827E0CD3-B72D-47B6-A68D-7590B98EB39B}"
EndProject
Project("{FAE04EC0-301F-11D3-BF4B-00C04F79EFBC}") = "SupperIdaMcp.Center.App", "src\SupperIdaMcp.Center.App\SupperIdaMcp.Center.App.csproj", "{31E7F219-EDBB-4F9E-801A-3584525AAE64}"
EndProject
Project("{FAE04EC0-301F-11D3-BF4B-00C04F79EFBC}") = "SupperIdaMcp.Center.Core", "src\SupperIdaMcp.Center.Core\SupperIdaMcp.Center.Core.csproj", "{F999CF1A-3D53-4BCD-A9CD-122967BF4E5C}"
EndProject
Project("{FAE04EC0-301F-11D3-BF4B-00C04F79EFBC}") = "SupperIdaMcp.Center.Protocol", "src\SupperIdaMcp.Center.Protocol\SupperIdaMcp.Center.Protocol.csproj", "{9895A88B-512C-4F28-A0D4-884F99AFDFCB}"
EndProject
Project("{FAE04EC0-301F-11D3-BF4B-00C04F79EFBC}") = "SupperIdaMcp.Center.TcpHub", "src\SupperIdaMcp.Center.TcpHub\SupperIdaMcp.Center.TcpHub.csproj", "{DEEAF6D6-F04D-4AC0-BCBE-4D1DFFEDA039}"
EndProject
Project("{FAE04EC0-301F-11D3-BF4B-00C04F79EFBC}") = "SupperIdaMcp.Center.Mcp", "src\SupperIdaMcp.Center.Mcp\SupperIdaMcp.Center.Mcp.csproj", "{DD2D8C34-7F82-4BA5-932B-FC1ADC0400FF}"
EndProject
Project("{FAE04EC0-301F-11D3-BF4B-00C04F79EFBC}") = "SupperIdaMcp.Center.Ida", "src\SupperIdaMcp.Center.Ida\SupperIdaMcp.Center.Ida.csproj", "{0E2EAF54-A309-40D9-A26C-0E2693068C65}"
EndProject
Project("{FAE04EC0-301F-11D3-BF4B-00C04F79EFBC}") = "SupperIdaMcp.Center.Dashboard", "src\SupperIdaMcp.Center.Dashboard\SupperIdaMcp.Center.Dashboard.csproj", "{5E7E6D24-8468-480A-9961-D73ECC809FAC}"
EndProject
Project("{FAE04EC0-301F-11D3-BF4B-00C04F79EFBC}") = "SupperIdaMcp.Center.Desktop", "src\SupperIdaMcp.Center.Desktop\SupperIdaMcp.Center.Desktop.csproj", "{3229BE4A-10D4-408C-AA7E-08558CC8BECA}"
EndProject
Project("{FAE04EC0-301F-11D3-BF4B-00C04F79EFBC}") = "SupperIdaMcp.Center.Bridge", "src\SupperIdaMcp.Center.Bridge\SupperIdaMcp.Center.Bridge.csproj", "{D0AB78D9-3804-4E0D-8E8A-C515903CE162}"
EndProject
Global
	GlobalSection(SolutionConfigurationPlatforms) = preSolution
		Debug|Any CPU = Debug|Any CPU
		Debug|x64 = Debug|x64
		Debug|x86 = Debug|x86
		Release|Any CPU = Release|Any CPU
		Release|x64 = Release|x64
		Release|x86 = Release|x86
	EndGlobalSection
	GlobalSection(ProjectConfigurationPlatforms) = postSolution
		{31E7F219-EDBB-4F9E-801A-3584525AAE64}.Debug|Any CPU.ActiveCfg = Debug|Any CPU
		{31E7F219-EDBB-4F9E-801A-3584525AAE64}.Debug|Any CPU.Build.0 = Debug|Any CPU
		{31E7F219-EDBB-4F9E-801A-3584525AAE64}.Debug|x64.ActiveCfg = Debug|Any CPU
		{31E7F219-EDBB-4F9E-801A-3584525AAE64}.Debug|x64.Build.0 = Debug|Any CPU
		{31E7F219-EDBB-4F9E-801A-3584525AAE64}.Debug|x86.ActiveCfg = Debug|Any CPU
		{31E7F219-EDBB-4F9E-801A-3584525AAE64}.Debug|x86.Build.0 = Debug|Any CPU
		{31E7F219-EDBB-4F9E-801A-3584525AAE64}.Release|Any CPU.ActiveCfg = Release|Any CPU
		{31E7F219-EDBB-4F9E-801A-3584525AAE64}.Release|Any CPU.Build.0 = Release|Any CPU
		{31E7F219-EDBB-4F9E-801A-3584525AAE64}.Release|x64.ActiveCfg = Release|Any CPU
		{31E7F219-EDBB-4F9E-801A-3584525AAE64}.Release|x64.Build.0 = Release|Any CPU
		{31E7F219-EDBB-4F9E-801A-3584525AAE64}.Release|x86.ActiveCfg = Release|Any CPU
		{31E7F219-EDBB-4F9E-801A-3584525AAE64}.Release|x86.Build.0 = Release|Any CPU
		{F999CF1A-3D53-4BCD-A9CD-122967BF4E5C}.Debug|Any CPU.ActiveCfg = Debug|Any CPU
		{F999CF1A-3D53-4BCD-A9CD-122967BF4E5C}.Debug|Any CPU.Build.0 = Debug|Any CPU
		{F999CF1A-3D53-4BCD-A9CD-122967BF4E5C}.Debug|x64.ActiveCfg = Debug|Any CPU
		{F999CF1A-3D53-4BCD-A9CD-122967BF4E5C}.Debug|x64.Build.0 = Debug|Any CPU
		{F999CF1A-3D53-4BCD-A9CD-122967BF4E5C}.Debug|x86.ActiveCfg = Debug|Any CPU
		{F999CF1A-3D53-4BCD-A9CD-122967BF4E5C}.Debug|x86.Build.0 = Debug|Any CPU
		{F999CF1A-3D53-4BCD-A9CD-122967BF4E5C}.Release|Any CPU.ActiveCfg = Release|Any CPU
		{F999CF1A-3D53-4BCD-A9CD-122967BF4E5C}.Release|Any CPU.Build.0 = Release|Any CPU
		{F999CF1A-3D53-4BCD-A9CD-122967BF4E5C}.Release|x64.ActiveCfg = Release|Any CPU
		{F999CF1A-3D53-4BCD-A9CD-122967BF4E5C}.Release|x64.Build.0 = Release|Any CPU
		{F999CF1A-3D53-4BCD-A9CD-122967BF4E5C}.Release|x86.ActiveCfg = Release|Any CPU
		{F999CF1A-3D53-4BCD-A9CD-122967BF4E5C}.Release|x86.Build.0 = Release|Any CPU
		{9895A88B-512C-4F28-A0D4-884F99AFDFCB}.Debug|Any CPU.ActiveCfg = Debug|Any CPU
		{9895A88B-512C-4F28-A0D4-884F99AFDFCB}.Debug|Any CPU.Build.0 = Debug|Any CPU
		{9895A88B-512C-4F28-A0D4-884F99AFDFCB}.Debug|x64.ActiveCfg = Debug|Any CPU
		{9895A88B-512C-4F28-A0D4-884F99AFDFCB}.Debug|x64.Build.0 = Debug|Any CPU
		{9895A88B-512C-4F28-A0D4-884F99AFDFCB}.Debug|x86.ActiveCfg = Debug|Any CPU
		{9895A88B-512C-4F28-A0D4-884F99AFDFCB}.Debug|x86.Build.0 = Debug|Any CPU
		{9895A88B-512C-4F28-A0D4-884F99AFDFCB}.Release|Any CPU.ActiveCfg = Release|Any CPU
		{9895A88B-512C-4F28-A0D4-884F99AFDFCB}.Release|Any CPU.Build.0 = Release|Any CPU
		{9895A88B-512C-4F28-A0D4-884F99AFDFCB}.Release|x64.ActiveCfg = Release|Any CPU
		{9895A88B-512C-4F28-A0D4-884F99AFDFCB}.Release|x64.Build.0 = Release|Any CPU
		{9895A88B-512C-4F28-A0D4-884F99AFDFCB}.Release|x86.ActiveCfg = Release|Any CPU
		{9895A88B-512C-4F28-A0D4-884F99AFDFCB}.Release|x86.Build.0 = Release|Any CPU
		{DEEAF6D6-F04D-4AC0-BCBE-4D1DFFEDA039}.Debug|Any CPU.ActiveCfg = Debug|Any CPU
		{DEEAF6D6-F04D-4AC0-BCBE-4D1DFFEDA039}.Debug|Any CPU.Build.0 = Debug|Any CPU
		{DEEAF6D6-F04D-4AC0-BCBE-4D1DFFEDA039}.Debug|x64.ActiveCfg = Debug|Any CPU
		{DEEAF6D6-F04D-4AC0-BCBE-4D1DFFEDA039}.Debug|x64.Build.0 = Debug|Any CPU
		{DEEAF6D6-F04D-4AC0-BCBE-4D1DFFEDA039}.Debug|x86.ActiveCfg = Debug|Any CPU
		{DEEAF6D6-F04D-4AC0-BCBE-4D1DFFEDA039}.Debug|x86.Build.0 = Debug|Any CPU
		{DEEAF6D6-F04D-4AC0-BCBE-4D1DFFEDA039}.Release|Any CPU.ActiveCfg = Release|Any CPU
		{DEEAF6D6-F04D-4AC0-BCBE-4D1DFFEDA039}.Release|Any CPU.Build.0 = Release|Any CPU
		{DEEAF6D6-F04D-4AC0-BCBE-4D1DFFEDA039}.Release|x64.ActiveCfg = Release|Any CPU
		{DEEAF6D6-F04D-4AC0-BCBE-4D1DFFEDA039}.Release|x64.Build.0 = Release|Any CPU
		{DEEAF6D6-F04D-4AC0-BCBE-4D1DFFEDA039}.Release|x86.ActiveCfg = Release|Any CPU
		{DEEAF6D6-F04D-4AC0-BCBE-4D1DFFEDA039}.Release|x86.Build.0 = Release|Any CPU
		{DD2D8C34-7F82-4BA5-932B-FC1ADC0400FF}.Debug|Any CPU.ActiveCfg = Debug|Any CPU
		{DD2D8C34-7F82-4BA5-932B-FC1ADC0400FF}.Debug|Any CPU.Build.0 = Debug|Any CPU
		{DD2D8C34-7F82-4BA5-932B-FC1ADC0400FF}.Debug|x64.ActiveCfg = Debug|Any CPU
		{DD2D8C34-7F82-4BA5-932B-FC1ADC0400FF}.Debug|x64.Build.0 = Debug|Any CPU
		{DD2D8C34-7F82-4BA5-932B-FC1ADC0400FF}.Debug|x86.ActiveCfg = Debug|Any CPU
		{DD2D8C34-7F82-4BA5-932B-FC1ADC0400FF}.Debug|x86.Build.0 = Debug|Any CPU
		{DD2D8C34-7F82-4BA5-932B-FC1ADC0400FF}.Release|Any CPU.ActiveCfg = Release|Any CPU
		{DD2D8C34-7F82-4BA5-932B-FC1ADC0400FF}.Release|Any CPU.Build.0 = Release|Any CPU
		{DD2D8C34-7F82-4BA5-932B-FC1ADC0400FF}.Release|x64.ActiveCfg = Release|Any CPU
		{DD2D8C34-7F82-4BA5-932B-FC1ADC0400FF}.Release|x64.Build.0 = Release|Any CPU
		{DD2D8C34-7F82-4BA5-932B-FC1ADC0400FF}.Release|x86.ActiveCfg = Release|Any CPU
		{DD2D8C34-7F82-4BA5-932B-FC1ADC0400FF}.Release|x86.Build.0 = Release|Any CPU
		{0E2EAF54-A309-40D9-A26C-0E2693068C65}.Debug|Any CPU.ActiveCfg = Debug|Any CPU
		{0E2EAF54-A309-40D9-A26C-0E2693068C65}.Debug|Any CPU.Build.0 = Debug|Any CPU
		{0E2EAF54-A309-40D9-A26C-0E2693068C65}.Debug|x64.ActiveCfg = Debug|Any CPU
		{0E2EAF54-A309-40D9-A26C-0E2693068C65}.Debug|x64.Build.0 = Debug|Any CPU
		{0E2EAF54-A309-40D9-A26C-0E2693068C65}.Debug|x86.ActiveCfg = Debug|Any CPU
		{0E2EAF54-A309-40D9-A26C-0E2693068C65}.Debug|x86.Build.0 = Debug|Any CPU
		{0E2EAF54-A309-40D9-A26C-0E2693068C65}.Release|Any CPU.ActiveCfg = Release|Any CPU
		{0E2EAF54-A309-40D9-A26C-0E2693068C65}.Release|Any CPU.Build.0 = Release|Any CPU
		{0E2EAF54-A309-40D9-A26C-0E2693068C65}.Release|x64.ActiveCfg = Release|Any CPU
		{0E2EAF54-A309-40D9-A26C-0E2693068C65}.Release|x64.Build.0 = Release|Any CPU
		{0E2EAF54-A309-40D9-A26C-0E2693068C65}.Release|x86.ActiveCfg = Release|Any CPU
		{0E2EAF54-A309-40D9-A26C-0E2693068C65}.Release|x86.Build.0 = Release|Any CPU
		{5E7E6D24-8468-480A-9961-D73ECC809FAC}.Debug|Any CPU.ActiveCfg = Debug|Any CPU
		{5E7E6D24-8468-480A-9961-D73ECC809FAC}.Debug|Any CPU.Build.0 = Debug|Any CPU
		{5E7E6D24-8468-480A-9961-D73ECC809FAC}.Debug|x64.ActiveCfg = Debug|Any CPU
		{5E7E6D24-8468-480A-9961-D73ECC809FAC}.Debug|x64.Build.0 = Debug|Any CPU
		{5E7E6D24-8468-480A-9961-D73ECC809FAC}.Debug|x86.ActiveCfg = Debug|Any CPU
		{5E7E6D24-8468-480A-9961-D73ECC809FAC}.Debug|x86.Build.0 = Debug|Any CPU
		{5E7E6D24-8468-480A-9961-D73ECC809FAC}.Release|Any CPU.ActiveCfg = Release|Any CPU
		{5E7E6D24-8468-480A-9961-D73ECC809FAC}.Release|Any CPU.Build.0 = Release|Any CPU
		{5E7E6D24-8468-480A-9961-D73ECC809FAC}.Release|x64.ActiveCfg = Release|Any CPU
		{5E7E6D24-8468-480A-9961-D73ECC809FAC}.Release|x64.Build.0 = Release|Any CPU
		{5E7E6D24-8468-480A-9961-D73ECC809FAC}.Release|x86.ActiveCfg = Release|Any CPU
		{5E7E6D24-8468-480A-9961-D73ECC809FAC}.Release|x86.Build.0 = Release|Any CPU
		{3229BE4A-10D4-408C-AA7E-08558CC8BECA}.Debug|Any CPU.ActiveCfg = Debug|Any CPU
		{3229BE4A-10D4-408C-AA7E-08558CC8BECA}.Debug|Any CPU.Build.0 = Debug|Any CPU
		{3229BE4A-10D4-408C-AA7E-08558CC8BECA}.Debug|x64.ActiveCfg = Debug|Any CPU
		{3229BE4A-10D4-408C-AA7E-08558CC8BECA}.Debug|x64.Build.0 = Debug|Any CPU
		{3229BE4A-10D4-408C-AA7E-08558CC8BECA}.Debug|x86.ActiveCfg = Debug|Any CPU
		{3229BE4A-10D4-408C-AA7E-08558CC8BECA}.Debug|x86.Build.0 = Debug|Any CPU
		{3229BE4A-10D4-408C-AA7E-08558CC8BECA}.Release|Any CPU.ActiveCfg = Release|Any CPU
		{3229BE4A-10D4-408C-AA7E-08558CC8BECA}.Release|Any CPU.Build.0 = Release|Any CPU
		{3229BE4A-10D4-408C-AA7E-08558CC8BECA}.Release|x64.ActiveCfg = Release|Any CPU
		{3229BE4A-10D4-408C-AA7E-08558CC8BECA}.Release|x64.Build.0 = Release|Any CPU
		{3229BE4A-10D4-408C-AA7E-08558CC8BECA}.Release|x86.ActiveCfg = Release|Any CPU
		{3229BE4A-10D4-408C-AA7E-08558CC8BECA}.Release|x86.Build.0 = Release|Any CPU
		{D0AB78D9-3804-4E0D-8E8A-C515903CE162}.Debug|Any CPU.ActiveCfg = Debug|Any CPU
		{D0AB78D9-3804-4E0D-8E8A-C515903CE162}.Debug|Any CPU.Build.0 = Debug|Any CPU
		{D0AB78D9-3804-4E0D-8E8A-C515903CE162}.Debug|x64.ActiveCfg = Debug|Any CPU
		{D0AB78D9-3804-4E0D-8E8A-C515903CE162}.Debug|x64.Build.0 = Debug|Any CPU
		{D0AB78D9-3804-4E0D-8E8A-C515903CE162}.Debug|x86.ActiveCfg = Debug|Any CPU
		{D0AB78D9-3804-4E0D-8E8A-C515903CE162}.Debug|x86.Build.0 = Debug|Any CPU
		{D0AB78D9-3804-4E0D-8E8A-C515903CE162}.Release|Any CPU.ActiveCfg = Release|Any CPU
		{D0AB78D9-3804-4E0D-8E8A-C515903CE162}.Release|Any CPU.Build.0 = Release|Any CPU
		{D0AB78D9-3804-4E0D-8E8A-C515903CE162}.Release|x64.ActiveCfg = Release|Any CPU
		{D0AB78D9-3804-4E0D-8E8A-C515903CE162}.Release|x64.Build.0 = Release|Any CPU
		{D0AB78D9-3804-4E0D-8E8A-C515903CE162}.Release|x86.ActiveCfg = Release|Any CPU
		{D0AB78D9-3804-4E0D-8E8A-C515903CE162}.Release|x86.Build.0 = Release|Any CPU
	EndGlobalSection
	GlobalSection(SolutionProperties) = preSolution
		HideSolutionNode = FALSE
	EndGlobalSection
	GlobalSection(NestedProjects) = preSolution
		{31E7F219-EDBB-4F9E-801A-3584525AAE64} = {827E0CD3-B72D-47B6-A68D-7590B98EB39B}
		{F999CF1A-3D53-4BCD-A9CD-122967BF4E5C} = {827E0CD3-B72D-47B6-A68D-7590B98EB39B}
		{9895A88B-512C-4F28-A0D4-884F99AFDFCB} = {827E0CD3-B72D-47B6-A68D-7590B98EB39B}
		{DEEAF6D6-F04D-4AC0-BCBE-4D1DFFEDA039} = {827E0CD3-B72D-47B6-A68D-7590B98EB39B}
		{DD2D8C34-7F82-4BA5-932B-FC1ADC0400FF} = {827E0CD3-B72D-47B6-A68D-7590B98EB39B}
		{0E2EAF54-A309-40D9-A26C-0E2693068C65} = {827E0CD3-B72D-47B6-A68D-7590B98EB39B}
		{5E7E6D24-8468-480A-9961-D73ECC809FAC} = {827E0CD3-B72D-47B6-A68D-7590B98EB39B}
		{3229BE4A-10D4-408C-AA7E-08558CC8BECA} = {827E0CD3-B72D-47B6-A68D-7590B98EB39B}
		{D0AB78D9-3804-4E0D-8E8A-C515903CE162} = {827E0CD3-B72D-47B6-A68D-7590B98EB39B}
	EndGlobalSection
EndGlobal
